
Microsoft Visual Studio Solution File, Format Version 12.00
# Visual Studio Version 17
VisualStudioVersion = 17.14.37111.16
MinimumVisualStudioVersion = 10.0.40219.1
Project("{FAE04EC0-301F-11D3-BF4B-00C04F79EFBC}") = "PRN232.LMS.API", "PRN232.LMS.API\PRN232.LMS.API.csproj", "{883E7900-D025-4F75-97F5-E8FAFC416264}"
EndProject
Project("{FAE04EC0-301F-11D3-BF4B-00C04F79EFBC}") = "PRN232.LMS.Services", "PRN232.LMS.Services\PRN232.LMS.Services.csproj", "{F4843D9B-3930-4C33-8A12-B7C324F7B2E6}"
EndProject
Project("{FAE04EC0-301F-11D3-BF4B-00C04F79EFBC}") = "PRN232.LMS.Repositories", "PRN232.LMS.Repositories\PRN232.LMS.Repositories.csproj", "{6F977630-3B1E-4788-8FB3-0984BEC4C9C3}"
EndProject

Global
	GlobalSection(SolutionConfigurationPlatforms) = preSolution
		Debug|Any CPU = Debug|Any CPU
		Release|Any CPU = Release|Any CPU
	EndGlobalSection
	GlobalSection(ProjectConfigurationPlatforms) = postSolution
		{883E7900-D025-4F75-97F5-E8FAFC416264}.Debug|Any CPU.ActiveCfg = Debug|Any CPU
		{883E7900-D025-4F75-97F5-E8FAFC416264}.Debug|Any CPU.Build.0 = Debug|Any CPU
		{883E7900-D025-4F75-97F5-E8FAFC416264}.Release|Any CPU.ActiveCfg = Release|Any CPU
		{883E7900-D025-4F75-97F5-E8FAFC416264}.Release|Any CPU.Build.0 = Release|Any CPU
		{F4843D9B-3930-4C33-8A12-B7C324F7B2E6}.Debug|Any CPU.ActiveCfg = Debug|Any CPU
		{F4843D9B-3930-4C33-8A12-B7C324F7B2E6}.Debug|Any CPU.Build.0 = Debug|Any CPU
		{F4843D9B-3930-4C33-8A12-B7C324F7B2E6}.Release|Any CPU.ActiveCfg = Release|Any CPU
		{F4843D9B-3930-4C33-8A12-B7C324F7B2E6}.Release|Any CPU.Build.0 = Release|Any CPU
		{6F977630-3B1E-4788-8FB3-0984BEC4C9C3}.Debug|Any CPU.ActiveCfg = Debug|Any CPU
		{6F977630-3B1E-4788-8FB3-0984BEC4C9C3}.Debug|Any CPU.Build.0 = Debug|Any CPU
		{6F977630-3B1E-4788-8FB3-0984BEC4C9C3}.Release|Any CPU.ActiveCfg = Release|Any CPU
		{6F977630-3B1E-4788-8FB3-0984BEC4C9C3}.Release|Any CPU.Build.0 = Release|Any CPU

	EndGlobalSection
	GlobalSection(SolutionProperties) = preSolution
		HideSolutionNode = FALSE
	EndGlobalSection
	GlobalSection(ExtensibilityGlobals) = postSolution
		SolutionGuid = {0B6364CE-B340-4AEB-B554-5E23B4E75D99}
	EndGlobalSection
EndGlobal
